{
  "name": "bot",
  "version": "1.0.0",
  "lockfileVersion": 1,
  "requires": true,
  "dependencies": {
    "@types/node": {
      "version": "11.13.7",
      "resolved": "http://registry.npm.taobao.org/@types/node/download/@types/node-11.13.7.tgz",
      "integrity": "sha1-hdu3HFEEQtAMBjH5na6VfORP0QQ="
    },
    "debug": {
      "version": "4.1.1",
      "resolved": "http://registry.npm.taobao.org/debug/download/debug-4.1.1.tgz",
      "integrity": "sha1-O3ImAlUQnGtYnO4FDx1RYTlmR5E=",
      "requires": {
        "ms": "^2.1.1"
      }
    },
    "ms": {
      "version": "2.1.1",
      "resolved": "http://registry.npm.taobao.org/ms/download/ms-2.1.1.tgz",
      "integrity": "sha1-MKWGTrPrsKZvLr5tcnrwagnYbgo="
    },
    "node-fetch": {
      "version": "2.3.0",
      "resolved": "http://registry.npm.taobao.org/node-fetch/download/node-fetch-2.3.0.tgz",
      "integrity": "sha1-Gh2UC7+5FqHT4CGfA36J5x+MX6U="
    },
    "sandwich-stream": {
      "version": "2.0.2",
      "resolved": "http://registry.npm.taobao.org/sandwich-stream/download/sandwich-stream-2.0.2.tgz",
      "integrity": "sha1-bR/rbPfp/p+ttBUTRZpywuhAAPo="
    },
    "telegraf": {
      "version": "3.29.0",
      "resolved": "http://registry.npm.taobao.org/telegraf/download/telegraf-3.29.0.tgz",
      "integrity": "sha1-BlXQK5otctU/8geHlHqhCtVKdHw=",
      "requires": {
        "@types/node": "^11.12.1",
        "debug": "^4.0.1",
        "node-fetch": "^2.2.0",
        "sandwich-stream": "^2.0.1",
        "telegram-typings": "^3.6.0"
      }
    },
    "telegram-typings": {
      "version": "3.6.1",
      "resolved": "http://registry.npm.taobao.org/telegram-typings/download/telegram-typings-3.6.1.tgz",
      "integrity": "sha1-EojVR/hpS2HxwBwpk+KV8xFNniU="
    }
  }
}
